<?xml version="1.0" encoding="utf-8"?>
<Project ToolsVersion="16.0" xmlns="http://schemas.microsoft.com/developer/msbuild/2003">
  <ItemGroup>
    <ClCompile Include="E:\YiaEngineRepos\YiaEngine\Engine\Framework\Common\Allocator.cpp">
      <Filter>Source Files</Filter>
    </ClCompile>
    <ClCompile Include="E:\YiaEngineRepos\YiaEngine\Engine\Framework\Common\Common.cpp">
      <Filter>Source Files</Filter>
    </ClCompile>
    <ClCompile Include="E:\YiaEngineRepos\YiaEngine\Engine\Framework\Common\MemoryManager.cpp">
      <Filter>Source Files</Filter>
    </ClCompile>
    <ClCompile Include="E:\YiaEngineRepos\YiaEngine\Engine\Framework\Common\YiaEngine.cpp">
      <Filter>Source Files</Filter>
    </ClCompile>
    <ClCompile Include="E:\YiaEngineRepos\YiaEngine\Engine\Framework\Sample\Dx12Sample.cpp">
      <Filter>Source Files</Filter>
    </ClCompile>
    <ClCompile Include="E:\YiaEngineRepos\YiaEngine\Engine\Framework\Common\AssetLoder\AssetLoder.cpp">
      <Filter>Source Files</Filter>
    </ClCompile>
    <ClCompile Include="E:\YiaEngineRepos\YiaEngine\Engine\Framework\Windows\WindowBase.cpp">
      <Filter>Source Files</Filter>
    </ClCompile>
    <ClCompile Include="E:\YiaEngineRepos\YiaEngine\External\crossguid\guid.cpp">
      <Filter>Source Files</Filter>
    </ClCompile>
  </ItemGroup>
  <ItemGroup>
    <ClInclude Include="E:\YiaEngineRepos\YiaEngine\Engine\Framework\Common\MacroHelp.h">
      <Filter>Header Files</Filter>
    </ClInclude>
  </ItemGroup>
  <ItemGroup>
    <CustomBuild Include="E:\YiaEngineRepos\YiaEngine\Engine\Framework\Common\CMakeLists.txt" />
  </ItemGroup>
  <ItemGroup>
    <Filter Include="Header Files">
      <UniqueIdentifier>{38ABF0C3-4ADC-3E8E-A5AC-6B185B9BB427}</UniqueIdentifier>
    </Filter>
    <Filter Include="Source Files">
      <UniqueIdentifier>{264AC043-6C2B-3554-891A-E0504DB0B6F2}</UniqueIdentifier>
    </Filter>
  </ItemGroup>
</Project>
