
Microsoft Visual Studio Solution File, Format Version 12.00
# Visual Studio Version 16
Project("{8BC9CEB8-8B4A-11D0-8D11-00A0C91BC942}") = "ALL_BUILD", "ALL_BUILD.vcxproj", "{DFEC62E8-AAAF-36CD-BFD1-E00C5F3A5684}"
	ProjectSection(ProjectDependencies) = postProject
		{AFD5013F-D955-3DF0-96A6-A7477DB98C46} = {AFD5013F-D955-3DF0-96A6-A7477DB98C46}
		{81B81943-DF39-3CFF-BCA0-5231CEF4CCB4} = {81B81943-DF39-3CFF-BCA0-5231CEF4CCB4}
		{506052A3-23A3-31FD-9E11-ADA589D24275} = {506052A3-23A3-31FD-9E11-ADA589D24275}
		{0A21520B-06C4-3E01-83AA-EBDB6DCED1C9} = {0A21520B-06C4-3E01-83AA-EBDB6DCED1C9}
		{F676E7F1-93E7-3397-8331-7867568F26F1} = {F676E7F1-93E7-3397-8331-7867568F26F1}
	EndProjectSection
EndProject
Project("{8BC9CEB8-8B4A-11D0-8D11-00A0C91BC942}") = "Continuous", "Continuous.vcxproj", "{21846B61-E500-360B-BC3B-E17772505EB2}"
	ProjectSection(ProjectDependencies) = postProject
		{0A21520B-06C4-3E01-83AA-EBDB6DCED1C9} = {0A21520B-06C4-3E01-83AA-EBDB6DCED1C9}
	EndProjectSection
EndProject
Project("{8BC9CEB8-8B4A-11D0-8D11-00A0C91BC942}") = "Experimental", "Experimental.vcxproj", "{AD555111-83CA-3D31-86B9-3753F4A22931}"
	ProjectSection(ProjectDependencies) = postProject
		{0A21520B-06C4-3E01-83AA-EBDB6DCED1C9} = {0A21520B-06C4-3E01-83AA-EBDB6DCED1C9}
	EndProjectSection
EndProject
Project("{8BC9CEB8-8B4A-11D0-8D11-00A0C91BC942}") = "GeomMathLib", "YiaEngine\Engine\Framework\Math\ispc\GeomMathLib.vcxproj", "{101799BB-7761-3F78-AAC4-32B5649A23BE}"
	ProjectSection(ProjectDependencies) = postProject
		{0A21520B-06C4-3E01-83AA-EBDB6DCED1C9} = {0A21520B-06C4-3E01-83AA-EBDB6DCED1C9}
	EndProjectSection
EndProject
Project("{8BC9CEB8-8B4A-11D0-8D11-00A0C91BC942}") = "GeomMathTest", "YiaEngine\Engine\Framework\Math\test\GeomMathTest.vcxproj", "{AFD5013F-D955-3DF0-96A6-A7477DB98C46}"
	ProjectSection(ProjectDependencies) = postProject
		{101799BB-7761-3F78-AAC4-32B5649A23BE} = {101799BB-7761-3F78-AAC4-32B5649A23BE}
		{0A21520B-06C4-3E01-83AA-EBDB6DCED1C9} = {0A21520B-06C4-3E01-83AA-EBDB6DCED1C9}
	EndProjectSection
EndProject
Project("{8BC9CEB8-8B4A-11D0-8D11-00A0C91BC942}") = "Nightly", "Nightly.vcxproj", "{4CF83ED9-2B6A-3C7B-893F-254F49C1ECF8}"
	ProjectSection(ProjectDependencies) = postProject
		{0A21520B-06C4-3E01-83AA-EBDB6DCED1C9} = {0A21520B-06C4-3E01-83AA-EBDB6DCED1C9}
	EndProjectSection
EndProject
Project("{8BC9CEB8-8B4A-11D0-8D11-00A0C91BC942}") = "NightlyMemoryCheck", "NightlyMemoryCheck.vcxproj", "{52106FE0-0C62-3797-9E59-5D3529890D52}"
	ProjectSection(ProjectDependencies) = postProject
		{0A21520B-06C4-3E01-83AA-EBDB6DCED1C9} = {0A21520B-06C4-3E01-83AA-EBDB6DCED1C9}
	EndProjectSection
EndProject
Project("{8BC9CEB8-8B4A-11D0-8D11-00A0C91BC942}") = "RUN_TESTS", "RUN_TESTS.vcxproj", "{CE2A64B4-24A9-3CF9-AA8B-51449BE769F8}"
	ProjectSection(ProjectDependencies) = postProject
		{0A21520B-06C4-3E01-83AA-EBDB6DCED1C9} = {0A21520B-06C4-3E01-83AA-EBDB6DCED1C9}
	EndProjectSection
EndProject
Project("{8BC9CEB8-8B4A-11D0-8D11-00A0C91BC942}") = "SceneTest", "YiaEngine\Engine\Framework\Scene\Test\SceneTest.vcxproj", "{81B81943-DF39-3CFF-BCA0-5231CEF4CCB4}"
	ProjectSection(ProjectDependencies) = postProject
		{0A21520B-06C4-3E01-83AA-EBDB6DCED1C9} = {0A21520B-06C4-3E01-83AA-EBDB6DCED1C9}
	EndProjectSection
EndProject
Project("{8BC9CEB8-8B4A-11D0-8D11-00A0C91BC942}") = "YiaEngine", "YiaEngine\Engine\Framework\Common\YiaEngine.vcxproj", "{506052A3-23A3-31FD-9E11-ADA589D24275}"
	ProjectSection(ProjectDependencies) = postProject
		{101799BB-7761-3F78-AAC4-32B5649A23BE} = {101799BB-7761-3F78-AAC4-32B5649A23BE}
		{0A21520B-06C4-3E01-83AA-EBDB6DCED1C9} = {0A21520B-06C4-3E01-83AA-EBDB6DCED1C9}
	EndProjectSection
EndProject
Project("{8BC9CEB8-8B4A-11D0-8D11-00A0C91BC942}") = "ZERO_CHECK", "ZERO_CHECK.vcxproj", "{0A21520B-06C4-3E01-83AA-EBDB6DCED1C9}"
	ProjectSection(ProjectDependencies) = postProject
	EndProjectSection
EndProject
Project("{8BC9CEB8-8B4A-11D0-8D11-00A0C91BC942}") = "allocTest", "YiaEngine\Engine\Framework\Common\Test\allocTest.vcxproj", "{F676E7F1-93E7-3397-8331-7867568F26F1}"
	ProjectSection(ProjectDependencies) = postProject
		{101799BB-7761-3F78-AAC4-32B5649A23BE} = {101799BB-7761-3F78-AAC4-32B5649A23BE}
		{0A21520B-06C4-3E01-83AA-EBDB6DCED1C9} = {0A21520B-06C4-3E01-83AA-EBDB6DCED1C9}
	EndProjectSection
EndProject
Global
	GlobalSection(SolutionConfigurationPlatforms) = preSolution
		Debug|x64 = Debug|x64
		Release|x64 = Release|x64
		MinSizeRel|x64 = MinSizeRel|x64
		RelWithDebInfo|x64 = RelWithDebInfo|x64
	EndGlobalSection
	GlobalSection(ProjectConfigurationPlatforms) = postSolution
		{DFEC62E8-AAAF-36CD-BFD1-E00C5F3A5684}.Debug|x64.ActiveCfg = Debug|x64
		{DFEC62E8-AAAF-36CD-BFD1-E00C5F3A5684}.Release|x64.ActiveCfg = Release|x64
		{DFEC62E8-AAAF-36CD-BFD1-E00C5F3A5684}.MinSizeRel|x64.ActiveCfg = MinSizeRel|x64
		{DFEC62E8-AAAF-36CD-BFD1-E00C5F3A5684}.RelWithDebInfo|x64.ActiveCfg = RelWithDebInfo|x64
		{21846B61-E500-360B-BC3B-E17772505EB2}.Debug|x64.ActiveCfg = Debug|x64
		{21846B61-E500-360B-BC3B-E17772505EB2}.Release|x64.ActiveCfg = Release|x64
		{21846B61-E500-360B-BC3B-E17772505EB2}.MinSizeRel|x64.ActiveCfg = MinSizeRel|x64
		{21846B61-E500-360B-BC3B-E17772505EB2}.RelWithDebInfo|x64.ActiveCfg = RelWithDebInfo|x64
		{AD555111-83CA-3D31-86B9-3753F4A22931}.Debug|x64.ActiveCfg = Debug|x64
		{AD555111-83CA-3D31-86B9-3753F4A22931}.Release|x64.ActiveCfg = Release|x64
		{AD555111-83CA-3D31-86B9-3753F4A22931}.MinSizeRel|x64.ActiveCfg = MinSizeRel|x64
		{AD555111-83CA-3D31-86B9-3753F4A22931}.RelWithDebInfo|x64.ActiveCfg = RelWithDebInfo|x64
		{101799BB-7761-3F78-AAC4-32B5649A23BE}.Debug|x64.ActiveCfg = Debug|x64
		{101799BB-7761-3F78-AAC4-32B5649A23BE}.Debug|x64.Build.0 = Debug|x64
		{101799BB-7761-3F78-AAC4-32B5649A23BE}.Release|x64.ActiveCfg = Release|x64
		{101799BB-7761-3F78-AAC4-32B5649A23BE}.Release|x64.Build.0 = Release|x64
		{101799BB-7761-3F78-AAC4-32B5649A23BE}.MinSizeRel|x64.ActiveCfg = MinSizeRel|x64
		{101799BB-7761-3F78-AAC4-32B5649A23BE}.MinSizeRel|x64.Build.0 = MinSizeRel|x64
		{101799BB-7761-3F78-AAC4-32B5649A23BE}.RelWithDebInfo|x64.ActiveCfg = RelWithDebInfo|x64
		{101799BB-7761-3F78-AAC4-32B5649A23BE}.RelWithDebInfo|x64.Build.0 = RelWithDebInfo|x64
		{AFD5013F-D955-3DF0-96A6-A7477DB98C46}.Debug|x64.ActiveCfg = Debug|x64
		{AFD5013F-D955-3DF0-96A6-A7477DB98C46}.Debug|x64.Build.0 = Debug|x64
		{AFD5013F-D955-3DF0-96A6-A7477DB98C46}.Release|x64.ActiveCfg = Release|x64
		{AFD5013F-D955-3DF0-96A6-A7477DB98C46}.Release|x64.Build.0 = Release|x64
		{AFD5013F-D955-3DF0-96A6-A7477DB98C46}.MinSizeRel|x64.ActiveCfg = MinSizeRel|x64
		{AFD5013F-D955-3DF0-96A6-A7477DB98C46}.MinSizeRel|x64.Build.0 = MinSizeRel|x64
		{AFD5013F-D955-3DF0-96A6-A7477DB98C46}.RelWithDebInfo|x64.ActiveCfg = RelWithDebInfo|x64
		{AFD5013F-D955-3DF0-96A6-A7477DB98C46}.RelWithDebInfo|x64.Build.0 = RelWithDebInfo|x64
		{4CF83ED9-2B6A-3C7B-893F-254F49C1ECF8}.Debug|x64.ActiveCfg = Debug|x64
		{4CF83ED9-2B6A-3C7B-893F-254F49C1ECF8}.Release|x64.ActiveCfg = Release|x64
		{4CF83ED9-2B6A-3C7B-893F-254F49C1ECF8}.MinSizeRel|x64.ActiveCfg = MinSizeRel|x64
		{4CF83ED9-2B6A-3C7B-893F-254F49C1ECF8}.RelWithDebInfo|x64.ActiveCfg = RelWithDebInfo|x64
		{52106FE0-0C62-3797-9E59-5D3529890D52}.Debug|x64.ActiveCfg = Debug|x64
		{52106FE0-0C62-3797-9E59-5D3529890D52}.Release|x64.ActiveCfg = Release|x64
		{52106FE0-0C62-3797-9E59-5D3529890D52}.MinSizeRel|x64.ActiveCfg = MinSizeRel|x64
		{52106FE0-0C62-3797-9E59-5D3529890D52}.RelWithDebInfo|x64.ActiveCfg = RelWithDebInfo|x64
		{CE2A64B4-24A9-3CF9-AA8B-51449BE769F8}.Debug|x64.ActiveCfg = Debug|x64
		{CE2A64B4-24A9-3CF9-AA8B-51449BE769F8}.Release|x64.ActiveCfg = Release|x64
		{CE2A64B4-24A9-3CF9-AA8B-51449BE769F8}.MinSizeRel|x64.ActiveCfg = MinSizeRel|x64
		{CE2A64B4-24A9-3CF9-AA8B-51449BE769F8}.RelWithDebInfo|x64.ActiveCfg = RelWithDebInfo|x64
		{81B81943-DF39-3CFF-BCA0-5231CEF4CCB4}.Debug|x64.ActiveCfg = Debug|x64
		{81B81943-DF39-3CFF-BCA0-5231CEF4CCB4}.Debug|x64.Build.0 = Debug|x64
		{81B81943-DF39-3CFF-BCA0-5231CEF4CCB4}.Release|x64.ActiveCfg = Release|x64
		{81B81943-DF39-3CFF-BCA0-5231CEF4CCB4}.Release|x64.Build.0 = Release|x64
		{81B81943-DF39-3CFF-BCA0-5231CEF4CCB4}.MinSizeRel|x64.ActiveCfg = MinSizeRel|x64
		{81B81943-DF39-3CFF-BCA0-5231CEF4CCB4}.MinSizeRel|x64.Build.0 = MinSizeRel|x64
		{81B81943-DF39-3CFF-BCA0-5231CEF4CCB4}.RelWithDebInfo|x64.ActiveCfg = RelWithDebInfo|x64
		{81B81943-DF39-3CFF-BCA0-5231CEF4CCB4}.RelWithDebInfo|x64.Build.0 = RelWithDebInfo|x64
		{506052A3-23A3-31FD-9E11-ADA589D24275}.Debug|x64.ActiveCfg = Debug|x64
		{506052A3-23A3-31FD-9E11-ADA589D24275}.Debug|x64.Build.0 = Debug|x64
		{506052A3-23A3-31FD-9E11-ADA589D24275}.Release|x64.ActiveCfg = Release|x64
		{506052A3-23A3-31FD-9E11-ADA589D24275}.Release|x64.Build.0 = Release|x64
		{506052A3-23A3-31FD-9E11-ADA589D24275}.MinSizeRel|x64.ActiveCfg = MinSizeRel|x64
		{506052A3-23A3-31FD-9E11-ADA589D24275}.MinSizeRel|x64.Build.0 = MinSizeRel|x64
		{506052A3-23A3-31FD-9E11-ADA589D24275}.RelWithDebInfo|x64.ActiveCfg = RelWithDebInfo|x64
		{506052A3-23A3-31FD-9E11-ADA589D24275}.RelWithDebInfo|x64.Build.0 = RelWithDebInfo|x64
		{0A21520B-06C4-3E01-83AA-EBDB6DCED1C9}.Debug|x64.ActiveCfg = Debug|x64
		{0A21520B-06C4-3E01-83AA-EBDB6DCED1C9}.Debug|x64.Build.0 = Debug|x64
		{0A21520B-06C4-3E01-83AA-EBDB6DCED1C9}.Release|x64.ActiveCfg = Release|x64
		{0A21520B-06C4-3E01-83AA-EBDB6DCED1C9}.Release|x64.Build.0 = Release|x64
		{0A21520B-06C4-3E01-83AA-EBDB6DCED1C9}.MinSizeRel|x64.ActiveCfg = MinSizeRel|x64
		{0A21520B-06C4-3E01-83AA-EBDB6DCED1C9}.MinSizeRel|x64.Build.0 = MinSizeRel|x64
		{0A21520B-06C4-3E01-83AA-EBDB6DCED1C9}.RelWithDebInfo|x64.ActiveCfg = RelWithDebInfo|x64
		{0A21520B-06C4-3E01-83AA-EBDB6DCED1C9}.RelWithDebInfo|x64.Build.0 = RelWithDebInfo|x64
		{F676E7F1-93E7-3397-8331-7867568F26F1}.Debug|x64.ActiveCfg = Debug|x64
		{F676E7F1-93E7-3397-8331-7867568F26F1}.Debug|x64.Build.0 = Debug|x64
		{F676E7F1-93E7-3397-8331-7867568F26F1}.Release|x64.ActiveCfg = Release|x64
		{F676E7F1-93E7-3397-8331-7867568F26F1}.Release|x64.Build.0 = Release|x64
		{F676E7F1-93E7-3397-8331-7867568F26F1}.MinSizeRel|x64.ActiveCfg = MinSizeRel|x64
		{F676E7F1-93E7-3397-8331-7867568F26F1}.MinSizeRel|x64.Build.0 = MinSizeRel|x64
		{F676E7F1-93E7-3397-8331-7867568F26F1}.RelWithDebInfo|x64.ActiveCfg = RelWithDebInfo|x64
		{F676E7F1-93E7-3397-8331-7867568F26F1}.RelWithDebInfo|x64.Build.0 = RelWithDebInfo|x64
	EndGlobalSection
	GlobalSection(ExtensibilityGlobals) = postSolution
		SolutionGuid = {8410C052-441A-3A26-A32B-876E50CEEFAC}
	EndGlobalSection
	GlobalSection(ExtensibilityAddIns) = postSolution
	EndGlobalSection
EndGlobal
