<?xml version="1.0" encoding="utf-8"?>
<Project ToolsVersion="16.0" xmlns="http://schemas.microsoft.com/developer/msbuild/2003">
  <ItemGroup>
    <CustomBuild Include="E:\YiaEngineRepos\VS2019\CMakeFiles\1b5e9b27ea13bf3d1717a50e02f935a5\RUN_TESTS_force.rule">
      <Filter>CMake Rules</Filter>
    </CustomBuild>
  </ItemGroup>
  <ItemGroup>
    <Filter Include="CMake Rules">
      <UniqueIdentifier>{E7EA4CB6-03AE-3148-860E-65D9A368CAD4}</UniqueIdentifier>
    </Filter>
  </ItemGroup>
</Project>
